
Microsoft Visual Studio Solution File, Format Version 12.00
# Visual Studio Version 17
VisualStudioVersion = 17.2.32602.215
MinimumVisualStudioVersion = 10.0.40219.1
Project("{FAE04EC0-301F-11D3-BF4B-00C04F79EFBC}") = "Fouad-Ouardi_Exercise01", "Fouad-Ouardi_Exercise01\Fouad-Ouardi_Exercise01.csproj", "{57C88E77-CD77-471B-9F41-1A7E6E922DC3}"
EndProject
Project("{FAE04EC0-301F-11D3-BF4B-00C04F79EFBC}") = "Fouad-Ouardi_Exercise02", "Fouad-Ouardi_Exercise02\Fouad-Ouardi_Exercise02.csproj", "{B1D9DC2B-827E-45A2-893D-249B90E9144C}"
EndProject
Project("{FAE04EC0-301F-11D3-BF4B-00C04F79EFBC}") = "testing", "testing\testing.csproj", "{063DD4DD-2E2C-4385-A77B-ED07FD1D809E}"
EndProject
Global
	GlobalSection(SolutionConfigurationPlatforms) = preSolution
		Debug|Any CPU = Debug|Any CPU
		Release|Any CPU = Release|Any CPU
	EndGlobalSection
	GlobalSection(ProjectConfigurationPlatforms) = postSolution
		{57C88E77-CD77-471B-9F41-1A7E6E922DC3}.Debug|Any CPU.ActiveCfg = Debug|Any CPU
		{57C88E77-CD77-471B-9F41-1A7E6E922DC3}.Debug|Any CPU.Build.0 = Debug|Any CPU
		{57C88E77-CD77-471B-9F41-1A7E6E922DC3}.Release|Any CPU.ActiveCfg = Release|Any CPU
		{57C88E77-CD77-471B-9F41-1A7E6E922DC3}.Release|Any CPU.Build.0 = Release|Any CPU
		{B1D9DC2B-827E-45A2-893D-249B90E9144C}.Debug|Any CPU.ActiveCfg = Debug|Any CPU
		{B1D9DC2B-827E-45A2-893D-249B90E9144C}.Debug|Any CPU.Build.0 = Debug|Any CPU
		{B1D9DC2B-827E-45A2-893D-249B90E9144C}.Release|Any CPU.ActiveCfg = Release|Any CPU
		{B1D9DC2B-827E-45A2-893D-249B90E9144C}.Release|Any CPU.Build.0 = Release|Any CPU
		{063DD4DD-2E2C-4385-A77B-ED07FD1D809E}.Debug|Any CPU.ActiveCfg = Debug|Any CPU
		{063DD4DD-2E2C-4385-A77B-ED07FD1D809E}.Debug|Any CPU.Build.0 = Debug|Any CPU
		{063DD4DD-2E2C-4385-A77B-ED07FD1D809E}.Release|Any CPU.ActiveCfg = Release|Any CPU
		{063DD4DD-2E2C-4385-A77B-ED07FD1D809E}.Release|Any CPU.Build.0 = Release|Any CPU
	EndGlobalSection
	GlobalSection(SolutionProperties) = preSolution
		HideSolutionNode = FALSE
	EndGlobalSection
	GlobalSection(ExtensibilityGlobals) = postSolution
		SolutionGuid = {E8733E96-C08E-4450-AF03-A19C40560E3F}
	EndGlobalSection
EndGlobal
